
Microsoft Visual Studio Solution File, Format Version 12.00
# Visual Studio Version 16
VisualStudioVersion = 16.0.30611.23
MinimumVisualStudioVersion = 10.0.40219.1
Project("{FAE04EC0-301F-11D3-BF4B-00C04F79EFBC}") = "GameShare.WebMVC", "GameShare.WebMVC\GameShare.WebMVC.csproj", "{EA11F456-4028-4724-9B1E-3B048D48B0EE}"
EndProject
Project("{FAE04EC0-301F-11D3-BF4B-00C04F79EFBC}") = "GameShare.Data", "GameShare.Data\GameShare.Data.csproj", "{D83E186F-BDED-4B18-84DE-F4F98D145AD0}"
EndProject
Project("{FAE04EC0-301F-11D3-BF4B-00C04F79EFBC}") = "GameShare.Models", "GameShare.Models\GameShare.Models.csproj", "{6C0BB349-45D5-4EF5-B353-C7AA1AF3FFAA}"
EndProject
Project("{FAE04EC0-301F-11D3-BF4B-00C04F79EFBC}") = "GameShare.Services", "GameShare.Services\GameShare.Services.csproj", "{C1E89AF4-6CC3-4666-B06C-BA369C82B48D}"
EndProject
Global
	GlobalSection(SolutionConfigurationPlatforms) = preSolution
		Debug|Any CPU = Debug|Any CPU
		Release|Any CPU = Release|Any CPU
	EndGlobalSection
	GlobalSection(ProjectConfigurationPlatforms) = postSolution
		{EA11F456-4028-4724-9B1E-3B048D48B0EE}.Debug|Any CPU.ActiveCfg = Debug|Any CPU
		{EA11F456-4028-4724-9B1E-3B048D48B0EE}.Debug|Any CPU.Build.0 = Debug|Any CPU
		{EA11F456-4028-4724-9B1E-3B048D48B0EE}.Release|Any CPU.ActiveCfg = Release|Any CPU
		{EA11F456-4028-4724-9B1E-3B048D48B0EE}.Release|Any CPU.Build.0 = Release|Any CPU
		{D83E186F-BDED-4B18-84DE-F4F98D145AD0}.Debug|Any CPU.ActiveCfg = Debug|Any CPU
		{D83E186F-BDED-4B18-84DE-F4F98D145AD0}.Debug|Any CPU.Build.0 = Debug|Any CPU
		{D83E186F-BDED-4B18-84DE-F4F98D145AD0}.Release|Any CPU.ActiveCfg = Release|Any CPU
		{D83E186F-BDED-4B18-84DE-F4F98D145AD0}.Release|Any CPU.Build.0 = Release|Any CPU
		{6C0BB349-45D5-4EF5-B353-C7AA1AF3FFAA}.Debug|Any CPU.ActiveCfg = Debug|Any CPU
		{6C0BB349-45D5-4EF5-B353-C7AA1AF3FFAA}.Debug|Any CPU.Build.0 = Debug|Any CPU
		{6C0BB349-45D5-4EF5-B353-C7AA1AF3FFAA}.Release|Any CPU.ActiveCfg = Release|Any CPU
		{6C0BB349-45D5-4EF5-B353-C7AA1AF3FFAA}.Release|Any CPU.Build.0 = Release|Any CPU
		{C1E89AF4-6CC3-4666-B06C-BA369C82B48D}.Debug|Any CPU.ActiveCfg = Debug|Any CPU
		{C1E89AF4-6CC3-4666-B06C-BA369C82B48D}.Debug|Any CPU.Build.0 = Debug|Any CPU
		{C1E89AF4-6CC3-4666-B06C-BA369C82B48D}.Release|Any CPU.ActiveCfg = Release|Any CPU
		{C1E89AF4-6CC3-4666-B06C-BA369C82B48D}.Release|Any CPU.Build.0 = Release|Any CPU
	EndGlobalSection
	GlobalSection(SolutionProperties) = preSolution
		HideSolutionNode = FALSE
	EndGlobalSection
	GlobalSection(ExtensibilityGlobals) = postSolution
		SolutionGuid = {AD1EF01E-7490-439A-B782-650CF610E194}
	EndGlobalSection
EndGlobal
